{
  "name": "hosted-hubot",
  "version": "2.2.0",
  "dependencies": {
    "hubot": {
      "version": "2.5.5",
      "from": "hubot@2.5.5",
      "dependencies": {
        "coffee-script": {
          "version": "1.6.2",
          "from": "coffee-script@1.6.2"
        },
        "optparse": {
          "version": "1.0.4",
          "from": "optparse@1.0.4"
        },
        "scoped-http-client": {
          "version": "0.9.8",
          "from": "scoped-http-client@0.9.8"
        },
        "log": {
          "version": "1.3.1",
          "from": "log@1.3.1"
        },
        "express": {
          "version": "3.1.1",
          "from": "express@3.1.1",
          "dependencies": {
            "connect": {
              "version": "2.7.4",
              "from": "connect@2.7.4",
              "dependencies": {
                "qs": {
                  "version": "0.5.1",
                  "from": "qs@0.5.1"
                },
                "formidable": {
                  "version": "1.0.11",
                  "from": "formidable@1.0.11"
                },
                "buffer-crc32": {
                  "version": "0.1.1",
                  "from": "buffer-crc32@0.1.1"
                },
                "bytes": {
                  "version": "0.2.0",
                  "from": "bytes@0.2.0"
                },
                "pause": {
                  "version": "0.0.1",
                  "from": "pause@0.0.1"
                }
              }
            },
            "commander": {
              "version": "0.6.1",
              "from": "commander@0.6.1"
            },
            "range-parser": {
              "version": "0.0.4",
              "from": "range-parser@0.0.4"
            },
            "mkdirp": {
              "version": "0.3.5",
              "from": "mkdirp@~0.3.4"
            },
            "cookie": {
              "version": "0.0.5",
              "from": "cookie@0.0.5"
            },
            "buffer-crc32": {
              "version": "0.2.1",
              "from": "buffer-crc32@~0.2.1"
            },
            "fresh": {
              "version": "0.1.0",
              "from": "fresh@0.1.0"
            },
            "methods": {
              "version": "0.0.1",
              "from": "methods@0.0.1"
            },
            "send": {
              "version": "0.1.0",
              "from": "send@0.1.0",
              "dependencies": {
                "mime": {
                  "version": "1.2.6",
                  "from": "mime@1.2.6"
                }
              }
            },
            "cookie-signature": {
              "version": "0.0.1",
              "from": "cookie-signature@0.0.1"
            },
            "debug": {
              "version": "0.7.2",
              "from": "debug@*"
            }
          }
        }
      }
    },
    "hubot-irc": {
      "version": "0.1.15",
      "from": "hubot-irc@0.1.15",
      "dependencies": {
        "irc": {
          "version": "0.3.6",
          "from": "irc@0.3.6"
        }
      }
    },
    "hubot-scripts": {
      "version": "2.4.6",
      "from": "hubot-scripts@2.4.6",
      "dependencies": {
        "redis": {
          "version": "0.8.2",
          "from": "redis@0.8.2"
        }
      }
    },
    "optparse": {
      "version": "1.0.3",
      "from": "optparse@1.0.3"
    },
    "cleverbot-node": {
      "version": "0.1.1",
      "from": "cleverbot-node@0.1.1"
    },
    "loudbot": {
      "version": "0.0.8",
      "from": "loudbot@0.0.8",
      "resolved": "https://registry.npmjs.org/loudbot/-/loudbot-0.0.8.tgz",
      "dependencies": {
        "twit": {
          "version": "1.1.6",
          "from": "twit@~1.1.6",
          "dependencies": {
            "oauth": {
              "version": "0.9.9",
              "from": "oauth@0.9.9"
            }
          }
        }
      }
    },
    "ntwitter": {
      "version": "0.5.0",
      "from": "ntwitter@0.5.0",
      "resolved": "https://registry.npmjs.org/ntwitter/-/ntwitter-0.5.0.tgz",
      "dependencies": {
        "oauth": {
          "version": "0.9.10",
          "from": "oauth@>=0.8.4"
        },
        "cookies": {
          "version": "0.1.6",
          "from": "cookies@0.1.x"
        },
        "keygrip": {
          "version": "0.2.2",
          "from": "keygrip@0.2.x"
        }
      }
    }
  }
}
